
Microsoft Visual Studio Solution File, Format Version 12.00
# Visual Studio Version 16
VisualStudioVersion = 16.0.29215.179
MinimumVisualStudioVersion = 10.0.40219.1
Project("{FAE04EC0-301F-11D3-BF4B-00C04F79EFBC}") = "DarkSkyDemo", "DarkSkyDemo\DarkSkyDemo.csproj", "{C6890D05-7D86-4772-88A7-5A4B4BB26390}"
EndProject
Global
	GlobalSection(SolutionConfigurationPlatforms) = preSolution
		Debug|Any CPU = Debug|Any CPU
		Release|Any CPU = Release|Any CPU
	EndGlobalSection
	GlobalSection(ProjectConfigurationPlatforms) = postSolution
		{C6890D05-7D86-4772-88A7-5A4B4BB26390}.Debug|Any CPU.ActiveCfg = Debug|Any CPU
		{C6890D05-7D86-4772-88A7-5A4B4BB26390}.Debug|Any CPU.Build.0 = Debug|Any CPU
		{C6890D05-7D86-4772-88A7-5A4B4BB26390}.Release|Any CPU.ActiveCfg = Release|Any CPU
		{C6890D05-7D86-4772-88A7-5A4B4BB26390}.Release|Any CPU.Build.0 = Release|Any CPU
	EndGlobalSection
	GlobalSection(SolutionProperties) = preSolution
		HideSolutionNode = FALSE
	EndGlobalSection
	GlobalSection(ExtensibilityGlobals) = postSolution
		SolutionGuid = {A6AE37CA-43AB-4E09-9B0C-9BF6125E33EE}
	EndGlobalSection
EndGlobal
